
Microsoft Visual Studio Solution File, Format Version 12.00
# Visual Studio Version 16
VisualStudioVersion = 16.0.33130.400
MinimumVisualStudioVersion = 10.0.40219.1
Project("{FAE04EC0-301F-11D3-BF4B-00C04F79EFBC}") = "Swap", "Swap\Swap.csproj", "{D84958CB-1209-45EA-BCF5-9DF7923623C3}"
EndProject
Global
	GlobalSection(SolutionConfigurationPlatforms) = preSolution
		Debug|Any CPU = Debug|Any CPU
		Release|Any CPU = Release|Any CPU
	EndGlobalSection
	GlobalSection(ProjectConfigurationPlatforms) = postSolution
		{D84958CB-1209-45EA-BCF5-9DF7923623C3}.Debug|Any CPU.ActiveCfg = Debug|Any CPU
		{D84958CB-1209-45EA-BCF5-9DF7923623C3}.Debug|Any CPU.Build.0 = Debug|Any CPU
		{D84958CB-1209-45EA-BCF5-9DF7923623C3}.Release|Any CPU.ActiveCfg = Release|Any CPU
		{D84958CB-1209-45EA-BCF5-9DF7923623C3}.Release|Any CPU.Build.0 = Release|Any CPU
	EndGlobalSection
	GlobalSection(SolutionProperties) = preSolution
		HideSolutionNode = FALSE
	EndGlobalSection
	GlobalSection(ExtensibilityGlobals) = postSolution
		SolutionGuid = {1B5E1BB3-1CF5-4A9D-BFCB-5E6E61A384F4}
	EndGlobalSection
EndGlobal
