
Microsoft Visual Studio Solution File, Format Version 12.00
# Visual Studio Version 16
VisualStudioVersion = 16.0.33130.400
MinimumVisualStudioVersion = 10.0.40219.1
Project("{FAE04EC0-301F-11D3-BF4B-00C04F79EFBC}") = "Program", "Program\Program.csproj", "{2AD4E888-3C4A-48EA-962B-8B65FE117EB3}"
EndProject
Global
	GlobalSection(SolutionConfigurationPlatforms) = preSolution
		Debug|Any CPU = Debug|Any CPU
		Release|Any CPU = Release|Any CPU
	EndGlobalSection
	GlobalSection(ProjectConfigurationPlatforms) = postSolution
		{2AD4E888-3C4A-48EA-962B-8B65FE117EB3}.Debug|Any CPU.ActiveCfg = Debug|Any CPU
		{2AD4E888-3C4A-48EA-962B-8B65FE117EB3}.Debug|Any CPU.Build.0 = Debug|Any CPU
		{2AD4E888-3C4A-48EA-962B-8B65FE117EB3}.Release|Any CPU.ActiveCfg = Release|Any CPU
		{2AD4E888-3C4A-48EA-962B-8B65FE117EB3}.Release|Any CPU.Build.0 = Release|Any CPU
	EndGlobalSection
	GlobalSection(SolutionProperties) = preSolution
		HideSolutionNode = FALSE
	EndGlobalSection
	GlobalSection(ExtensibilityGlobals) = postSolution
		SolutionGuid = {83DFA5BD-74AE-41C0-8CA9-8356E38F2A31}
	EndGlobalSection
EndGlobal
