
Microsoft Visual Studio Solution File, Format Version 12.00
# Visual Studio Version 16
VisualStudioVersion = 16.0.33130.400
MinimumVisualStudioVersion = 10.0.40219.1
Project("{FAE04EC0-301F-11D3-BF4B-00C04F79EFBC}") = "Alphabet Series", "Alphabet Series\Alphabet Series.csproj", "{EAE637E8-9425-40F3-856A-5E7DD73C65B9}"
EndProject
Global
	GlobalSection(SolutionConfigurationPlatforms) = preSolution
		Debug|Any CPU = Debug|Any CPU
		Release|Any CPU = Release|Any CPU
	EndGlobalSection
	GlobalSection(ProjectConfigurationPlatforms) = postSolution
		{EAE637E8-9425-40F3-856A-5E7DD73C65B9}.Debug|Any CPU.ActiveCfg = Debug|Any CPU
		{EAE637E8-9425-40F3-856A-5E7DD73C65B9}.Debug|Any CPU.Build.0 = Debug|Any CPU
		{EAE637E8-9425-40F3-856A-5E7DD73C65B9}.Release|Any CPU.ActiveCfg = Release|Any CPU
		{EAE637E8-9425-40F3-856A-5E7DD73C65B9}.Release|Any CPU.Build.0 = Release|Any CPU
	EndGlobalSection
	GlobalSection(SolutionProperties) = preSolution
		HideSolutionNode = FALSE
	EndGlobalSection
	GlobalSection(ExtensibilityGlobals) = postSolution
		SolutionGuid = {8519FE57-4379-41AF-873C-10D1B3F87FAF}
	EndGlobalSection
EndGlobal
