
Microsoft Visual Studio Solution File, Format Version 12.00
# Visual Studio Version 16
VisualStudioVersion = 16.0.33130.400
MinimumVisualStudioVersion = 10.0.40219.1
Project("{FAE04EC0-301F-11D3-BF4B-00C04F79EFBC}") = "Reverse Number", "Reverse Number\Reverse Number.csproj", "{EEF1ADAC-56C1-4FE3-901F-06EC3F295D03}"
EndProject
Global
	GlobalSection(SolutionConfigurationPlatforms) = preSolution
		Debug|Any CPU = Debug|Any CPU
		Release|Any CPU = Release|Any CPU
	EndGlobalSection
	GlobalSection(ProjectConfigurationPlatforms) = postSolution
		{EEF1ADAC-56C1-4FE3-901F-06EC3F295D03}.Debug|Any CPU.ActiveCfg = Debug|Any CPU
		{EEF1ADAC-56C1-4FE3-901F-06EC3F295D03}.Debug|Any CPU.Build.0 = Debug|Any CPU
		{EEF1ADAC-56C1-4FE3-901F-06EC3F295D03}.Release|Any CPU.ActiveCfg = Release|Any CPU
		{EEF1ADAC-56C1-4FE3-901F-06EC3F295D03}.Release|Any CPU.Build.0 = Release|Any CPU
	EndGlobalSection
	GlobalSection(SolutionProperties) = preSolution
		HideSolutionNode = FALSE
	EndGlobalSection
	GlobalSection(ExtensibilityGlobals) = postSolution
		SolutionGuid = {D1051FAB-F7F4-448C-8982-66FE1FFEAF4D}
	EndGlobalSection
EndGlobal
